
Microsoft Visual Studio Solution File, Format Version 12.00
# Visual Studio Version 16
VisualStudioVersion = 16.0.30114.128
MinimumVisualStudioVersion = 10.0.40219.1
Project("{9A19103F-16F7-4668-BE54-9A1E7A4F7556}") = "CRM.Client", "CRM\CRM.Client\CRM.Client.csproj", "{1548688C-7AAD-4B8D-9CA9-55A2DDC63887}"
EndProject
Project("{9A19103F-16F7-4668-BE54-9A1E7A4F7556}") = "CRM.Data", "CRM\CRM.Data\CRM.Data.csproj", "{950C0F74-D30F-41DF-B987-2F0351CE6A1F}"
EndProject
Project("{9A19103F-16F7-4668-BE54-9A1E7A4F7556}") = "CRM.Operation", "CRM\CRM.Operation\CRM.Operation.csproj", "{271FF06A-DA10-4CAC-A82A-AB8CF148DA04}"
EndProject
Project("{9A19103F-16F7-4668-BE54-9A1E7A4F7556}") = "CRM.Server", "CRM\CRM.Server\CRM.Server.csproj", "{E8733544-D37E-4BFB-BACD-02D7842BFDA3}"
EndProject
Global
	GlobalSection(SolutionConfigurationPlatforms) = preSolution
		Debug|Any CPU = Debug|Any CPU
		Release|Any CPU = Release|Any CPU
	EndGlobalSection
	GlobalSection(ProjectConfigurationPlatforms) = postSolution
		{1548688C-7AAD-4B8D-9CA9-55A2DDC63887}.Debug|Any CPU.ActiveCfg = Debug|Any CPU
		{1548688C-7AAD-4B8D-9CA9-55A2DDC63887}.Debug|Any CPU.Build.0 = Debug|Any CPU
		{1548688C-7AAD-4B8D-9CA9-55A2DDC63887}.Release|Any CPU.ActiveCfg = Release|Any CPU
		{1548688C-7AAD-4B8D-9CA9-55A2DDC63887}.Release|Any CPU.Build.0 = Release|Any CPU
		{950C0F74-D30F-41DF-B987-2F0351CE6A1F}.Debug|Any CPU.ActiveCfg = Debug|Any CPU
		{950C0F74-D30F-41DF-B987-2F0351CE6A1F}.Debug|Any CPU.Build.0 = Debug|Any CPU
		{950C0F74-D30F-41DF-B987-2F0351CE6A1F}.Release|Any CPU.ActiveCfg = Release|Any CPU
		{950C0F74-D30F-41DF-B987-2F0351CE6A1F}.Release|Any CPU.Build.0 = Release|Any CPU
		{271FF06A-DA10-4CAC-A82A-AB8CF148DA04}.Debug|Any CPU.ActiveCfg = Debug|Any CPU
		{271FF06A-DA10-4CAC-A82A-AB8CF148DA04}.Debug|Any CPU.Build.0 = Debug|Any CPU
		{271FF06A-DA10-4CAC-A82A-AB8CF148DA04}.Release|Any CPU.ActiveCfg = Release|Any CPU
		{271FF06A-DA10-4CAC-A82A-AB8CF148DA04}.Release|Any CPU.Build.0 = Release|Any CPU
		{E8733544-D37E-4BFB-BACD-02D7842BFDA3}.Debug|Any CPU.ActiveCfg = Debug|Any CPU
		{E8733544-D37E-4BFB-BACD-02D7842BFDA3}.Debug|Any CPU.Build.0 = Debug|Any CPU
		{E8733544-D37E-4BFB-BACD-02D7842BFDA3}.Release|Any CPU.ActiveCfg = Release|Any CPU
		{E8733544-D37E-4BFB-BACD-02D7842BFDA3}.Release|Any CPU.Build.0 = Release|Any CPU
	EndGlobalSection
	GlobalSection(SolutionProperties) = preSolution
		HideSolutionNode = FALSE
	EndGlobalSection
	GlobalSection(ExtensibilityGlobals) = postSolution
		SolutionGuid = {8E91DB55-FA7C-4F12-9428-18A824D22CEA}
	EndGlobalSection
EndGlobal
